
Microsoft Visual Studio Solution File, Format Version 12.00
# Visual Studio Version 17
VisualStudioVersion = 17.14.36429.23 d17.14
MinimumVisualStudioVersion = 10.0.40219.1
Project("{8BC9CEB8-8B4A-11D0-8D11-00A0C91BC942}") = "ImageReader", "ImageReader.vcxproj", "{E79A4900-A858-4B8E-B978-00853C9D0384}"
EndProject
Global
	GlobalSection(SolutionConfigurationPlatforms) = preSolution
		Debug|x64 = Debug|x64
		Debug|x86 = Debug|x86
		Release|x64 = Release|x64
		Release|x86 = Release|x86
	EndGlobalSection
	GlobalSection(ProjectConfigurationPlatforms) = postSolution
		{E79A4900-A858-4B8E-B978-00853C9D0384}.Debug|x64.ActiveCfg = Debug|x64
		{E79A4900-A858-4B8E-B978-00853C9D0384}.Debug|x64.Build.0 = Debug|x64
		{E79A4900-A858-4B8E-B978-00853C9D0384}.Debug|x86.ActiveCfg = Debug|Win32
		{E79A4900-A858-4B8E-B978-00853C9D0384}.Debug|x86.Build.0 = Debug|Win32
		{E79A4900-A858-4B8E-B978-00853C9D0384}.Release|x64.ActiveCfg = Release|x64
		{E79A4900-A858-4B8E-B978-00853C9D0384}.Release|x64.Build.0 = Release|x64
		{E79A4900-A858-4B8E-B978-00853C9D0384}.Release|x86.ActiveCfg = Release|Win32
		{E79A4900-A858-4B8E-B978-00853C9D0384}.Release|x86.Build.0 = Release|Win32
	EndGlobalSection
	GlobalSection(SolutionProperties) = preSolution
		HideSolutionNode = FALSE
	EndGlobalSection
	GlobalSection(ExtensibilityGlobals) = postSolution
		SolutionGuid = {E5F25CEE-EF06-450C-B1B6-F6E91DBC6421}
	EndGlobalSection
EndGlobal
